// !$*UTF8*$!
{
	archiveVersion = 1;
	classes = {
	};
	objectVersion = 46;
	objects = {

/* Begin PBXBuildFile section */
		2563BF781E67D78600CDF20C /* AppDelegate.swift in Sources */ = {isa = PBXBuildFile; fileRef = 2563BF771E67D78600CDF20C /* AppDelegate.swift */; };
		2563BF7A1E67D78600CDF20C /* ViewController.swift in Sources */ = {isa = PBXBuildFile; fileRef = 2563BF791E67D78600CDF20C /* ViewController.swift */; };
		2563BF7D1E67D78600CDF20C /* Main.storyboard in Resources */ = {isa = PBXBuildFile; fileRef = 2563BF7B1E67D78600CDF20C /* Main.storyboard */; };
		2563BF7F1E67D78600CDF20C /* Assets.xcassets in Resources */ = {isa = PBXBuildFile; fileRef = 2563BF7E1E67D78600CDF20C /* Assets.xcassets */; };
		2563BF821E67D78600CDF20C /* LaunchScreen.storyboard in Resources */ = {isa = PBXBuildFile; fileRef = 2563BF801E67D78600CDF20C /* LaunchScreen.storyboard */; };
		5DACED781D062C1F440BEDDB /* Pods_CT_RESTAPI.framework in Frameworks */ = {isa = PBXBuildFile; fileRef = FF578C92537515733CC64A74 /* Pods_CT_RESTAPI.framework */; };
		88EEBDAD42664840712C4923 /* Pods_CT_RESTAPI_Demo.framework in Frameworks */ = {isa = PBXBuildFile; fileRef = 534977A00D2D8202BDA44B8F /* Pods_CT_RESTAPI_Demo.framework */; };
/* End PBXBuildFile section */

/* Begin PBXFileReference section */
		2563BF741E67D78600CDF20C /* CT_RESTAPI_Demo.app */ = {isa = PBXFileReference; explicitFileType = wrapper.application; includeInIndex = 0; path = CT_RESTAPI_Demo.app; sourceTree = BUILT_PRODUCTS_DIR; };
		2563BF771E67D78600CDF20C /* AppDelegate.swift */ = {isa = PBXFileReference; lastKnownFileType = sourcecode.swift; path = AppDelegate.swift; sourceTree = "<group>"; };
		2563BF791E67D78600CDF20C /* ViewController.swift */ = {isa = PBXFileReference; lastKnownFileType = sourcecode.swift; path = ViewController.swift; sourceTree = "<group>"; };
		2563BF7C1E67D78600CDF20C /* Base */ = {isa = PBXFileReference; lastKnownFileType = file.storyboard; name = Base; path = Base.lproj/Main.storyboard; sourceTree = "<group>"; };
		2563BF7E1E67D78600CDF20C /* Assets.xcassets */ = {isa = PBXFileReference; lastKnownFileType = folder.assetcatalog; path = Assets.xcassets; sourceTree = "<group>"; };
		2563BF811E67D78600CDF20C /* Base */ = {isa = PBXFileReference; lastKnownFileType = file.storyboard; name = Base; path = Base.lproj/LaunchScreen.storyboard; sourceTree = "<group>"; };
		2563BF831E67D78600CDF20C /* Info.plist */ = {isa = PBXFileReference; lastKnownFileType = text.plist.xml; path = Info.plist; sourceTree = "<group>"; };
		534977A00D2D8202BDA44B8F /* Pods_CT_RESTAPI_Demo.framework */ = {isa = PBXFileReference; explicitFileType = wrapper.framework; includeInIndex = 0; path = Pods_CT_RESTAPI_Demo.framework; sourceTree = BUILT_PRODUCTS_DIR; };
		682A55970E159CF4D697BBFC /* Pods-CT_RESTAPI.release.xcconfig */ = {isa = PBXFileReference; includeInIndex = 1; lastKnownFileType = text.xcconfig; name = "Pods-CT_RESTAPI.release.xcconfig"; path = "Pods/Target Support Files/Pods-CT_RESTAPI/Pods-CT_RESTAPI.release.xcconfig"; sourceTree = "<group>"; };
		87B80826BE2CD7A4269A3457 /* Pods-CT_RESTAPI_Demo.debug.xcconfig */ = {isa = PBXFileReference; includeInIndex = 1; lastKnownFileType = text.xcconfig; name = "Pods-CT_RESTAPI_Demo.debug.xcconfig"; path = "Pods/Target Support Files/Pods-CT_RESTAPI_Demo/Pods-CT_RESTAPI_Demo.debug.xcconfig"; sourceTree = "<group>"; };
		8D62009D35028819AF944749 /* Pods-CT_RESTAPI.debug.xcconfig */ = {isa = PBXFileReference; includeInIndex = 1; lastKnownFileType = text.xcconfig; name = "Pods-CT_RESTAPI.debug.xcconfig"; path = "Pods/Target Support Files/Pods-CT_RESTAPI/Pods-CT_RESTAPI.debug.xcconfig"; sourceTree = "<group>"; };
		96F55EDCB17AC519CCC904C4 /* Pods-CT_RESTAPI_Demo.release.xcconfig */ = {isa = PBXFileReference; includeInIndex = 1; lastKnownFileType = text.xcconfig; name = "Pods-CT_RESTAPI_Demo.release.xcconfig"; path = "Pods/Target Support Files/Pods-CT_RESTAPI_Demo/Pods-CT_RESTAPI_Demo.release.xcconfig"; sourceTree = "<group>"; };
		FF578C92537515733CC64A74 /* Pods_CT_RESTAPI.framework */ = {isa = PBXFileReference; explicitFileType = wrapper.framework; includeInIndex = 0; path = Pods_CT_RESTAPI.framework; sourceTree = BUILT_PRODUCTS_DIR; };
/* End PBXFileReference section */

/* Begin PBXFrameworksBuildPhase section */
		2563BF711E67D78600CDF20C /* Frameworks */ = {
			isa = PBXFrameworksBuildPhase;
			buildActionMask = 2147483647;
			files = (
				5DACED781D062C1F440BEDDB /* Pods_CT_RESTAPI.framework in Frameworks */,
				88EEBDAD42664840712C4923 /* Pods_CT_RESTAPI_Demo.framework in Frameworks */,
			);
			runOnlyForDeploymentPostprocessing = 0;
		};
/* End PBXFrameworksBuildPhase section */

/* Begin PBXGroup section */
		2563BF6B1E67D78500CDF20C = {
			isa = PBXGroup;
			children = (
				2563BF761E67D78600CDF20C /* CT_RESTAPI */,
				2563BF751E67D78600CDF20C /* Products */,
				557F16EA591741652E52605C /* Pods */,
				D345873A646FB7CE81FB0760 /* Frameworks */,
			);
			sourceTree = "<group>";
		};
		2563BF751E67D78600CDF20C /* Products */ = {
			isa = PBXGroup;
			children = (
				2563BF741E67D78600CDF20C /* CT_RESTAPI_Demo.app */,
			);
			name = Products;
			sourceTree = "<group>";
		};
		2563BF761E67D78600CDF20C /* CT_RESTAPI */ = {
			isa = PBXGroup;
			children = (
				2563BF771E67D78600CDF20C /* AppDelegate.swift */,
				2563BF791E67D78600CDF20C /* ViewController.swift */,
				2563BF7B1E67D78600CDF20C /* Main.storyboard */,
				2563BF7E1E67D78600CDF20C /* Assets.xcassets */,
				2563BF801E67D78600CDF20C /* LaunchScreen.storyboard */,
				2563BF831E67D78600CDF20C /* Info.plist */,
			);
			path = CT_RESTAPI;
			sourceTree = "<group>";
		};
		557F16EA591741652E52605C /* Pods */ = {
			isa = PBXGroup;
			children = (
				8D62009D35028819AF944749 /* Pods-CT_RESTAPI.debug.xcconfig */,
				682A55970E159CF4D697BBFC /* Pods-CT_RESTAPI.release.xcconfig */,
				87B80826BE2CD7A4269A3457 /* Pods-CT_RESTAPI_Demo.debug.xcconfig */,
				96F55EDCB17AC519CCC904C4 /* Pods-CT_RESTAPI_Demo.release.xcconfig */,
			);
			name = Pods;
			sourceTree = "<group>";
		};
		D345873A646FB7CE81FB0760 /* Frameworks */ = {
			isa = PBXGroup;
			children = (
				FF578C92537515733CC64A74 /* Pods_CT_RESTAPI.framework */,
				534977A00D2D8202BDA44B8F /* Pods_CT_RESTAPI_Demo.framework */,
			);
			name = Frameworks;
			sourceTree = "<group>";
		};
/* End PBXGroup section */

/* Begin PBXNativeTarget section */
		2563BF731E67D78600CDF20C /* CT_RESTAPI_Demo */ = {
			isa = PBXNativeTarget;
			buildConfigurationList = 2563BF861E67D78600CDF20C /* Build configuration list for PBXNativeTarget "CT_RESTAPI_Demo" */;
			buildPhases = (
				E09A353521F7BA85CD3DFFEF /* [CP] Check Pods Manifest.lock */,
				2563BF701E67D78600CDF20C /* Sources */,
				2563BF711E67D78600CDF20C /* Frameworks */,
				2563BF721E67D78600CDF20C /* Resources */,
				4BCB16C94AAC14396FBCE462 /* [CP] Embed Pods Frameworks */,
				E3D91E20724B653E6763178A /* [CP] Copy Pods Resources */,
			);
			buildRules = (
			);
			dependencies = (
			);
			name = CT_RESTAPI_Demo;
			productName = CT_RESTAPI;
			productReference = 2563BF741E67D78600CDF20C /* CT_RESTAPI_Demo.app */;
			productType = "com.apple.product-type.application";
		};
/* End PBXNativeTarget section */

/* Begin PBXProject section */
		2563BF6C1E67D78500CDF20C /* Project object */ = {
			isa = PBXProject;
			attributes = {
				LastSwiftUpdateCheck = 0820;
				LastUpgradeCheck = 0820;
				ORGANIZATIONNAME = CanhTran;
				TargetAttributes = {
					2563BF731E67D78600CDF20C = {
						CreatedOnToolsVersion = 8.2.1;
						DevelopmentTeam = 6U26G342BG;
						ProvisioningStyle = Automatic;
					};
				};
			};
			buildConfigurationList = 2563BF6F1E67D78500CDF20C /* Build configuration list for PBXProject "CT_RESTAPI" */;
			compatibilityVersion = "Xcode 3.2";
			developmentRegion = English;
			hasScannedForEncodings = 0;
			knownRegions = (
				en,
				Base,
			);
			mainGroup = 2563BF6B1E67D78500CDF20C;
			productRefGroup = 2563BF751E67D78600CDF20C /* Products */;
			projectDirPath = "";
			projectRoot = "";
			targets = (
				2563BF731E67D78600CDF20C /* CT_RESTAPI_Demo */,
			);
		};
/* End PBXProject section */

/* Begin PBXResourcesBuildPhase section */
		2563BF721E67D78600CDF20C /* Resources */ = {
			isa = PBXResourcesBuildPhase;
			buildActionMask = 2147483647;
			files = (
				2563BF821E67D78600CDF20C /* LaunchScreen.storyboard in Resources */,
				2563BF7F1E67D78600CDF20C /* Assets.xcassets in Resources */,
				2563BF7D1E67D78600CDF20C /* Main.storyboard in Resources */,
			);
			runOnlyForDeploymentPostprocessing = 0;
		};
/* End PBXResourcesBuildPhase section */

/* Begin PBXShellScriptBuildPhase section */
		4BCB16C94AAC14396FBCE462 /* [CP] Embed Pods Frameworks */ = {
			isa = PBXShellScriptBuildPhase;
			buildActionMask = 2147483647;
			files = (
			);
			inputPaths = (
				"${SRCROOT}/Pods/Target Support Files/Pods-CT_RESTAPI_Demo/Pods-CT_RESTAPI_Demo-frameworks.sh",
				"${BUILT_PRODUCTS_DIR}/Alamofire/Alamofire.framework",
				"${BUILT_PRODUCTS_DIR}/CT_RESTAPI/CT_RESTAPI.framework",
				"${BUILT_PRODUCTS_DIR}/CocoaLumberjack/CocoaLumberjack.framework",
				"${BUILT_PRODUCTS_DIR}/RxAlamofire/RxAlamofire.framework",
				"${BUILT_PRODUCTS_DIR}/RxSwift/RxSwift.framework",
			);
			name = "[CP] Embed Pods Frameworks";
			outputPaths = (
				"${TARGET_BUILD_DIR}/${FRAMEWORKS_FOLDER_PATH}/Alamofire.framework",
				"${TARGET_BUILD_DIR}/${FRAMEWORKS_FOLDER_PATH}/CT_RESTAPI.framework",
				"${TARGET_BUILD_DIR}/${FRAMEWORKS_FOLDER_PATH}/CocoaLumberjack.framework",
				"${TARGET_BUILD_DIR}/${FRAMEWORKS_FOLDER_PATH}/RxAlamofire.framework",
				"${TARGET_BUILD_DIR}/${FRAMEWORKS_FOLDER_PATH}/RxSwift.framework",
			);
			runOnlyForDeploymentPostprocessing = 0;
			shellPath = /bin/sh;
			shellScript = "\"${SRCROOT}/Pods/Target Support Files/Pods-CT_RESTAPI_Demo/Pods-CT_RESTAPI_Demo-frameworks.sh\"\n";
			showEnvVarsInLog = 0;
		};
		E09A353521F7BA85CD3DFFEF /* [CP] Check Pods Manifest.lock */ = {
			isa = PBXShellScriptBuildPhase;
			buildActionMask = 2147483647;
			files = (
			);
			inputPaths = (
				"${PODS_PODFILE_DIR_PATH}/Podfile.lock",
				"${PODS_ROOT}/Manifest.lock",
			);
			name = "[CP] Check Pods Manifest.lock";
			outputPaths = (
				"$(DERIVED_FILE_DIR)/Pods-CT_RESTAPI_Demo-checkManifestLockResult.txt",
			);
			runOnlyForDeploymentPostprocessing = 0;
			shellPath = /bin/sh;
			shellScript = "diff \"${PODS_PODFILE_DIR_PATH}/Podfile.lock\" \"${PODS_ROOT}/Manifest.lock\" > /dev/null\nif [ $? != 0 ] ; then\n    # print error to STDERR\n    echo \"error: The sandbox is not in sync with the Podfile.lock. Run 'pod install' or update your CocoaPods installation.\" >&2\n    exit 1\nfi\n# This output is used by Xcode 'outputs' to avoid re-running this script phase.\necho \"SUCCESS\" > \"${SCRIPT_OUTPUT_FILE_0}\"\n";
			showEnvVarsInLog = 0;
		};
		E3D91E20724B653E6763178A /* [CP] Copy Pods Resources */ = {
			isa = PBXShellScriptBuildPhase;
			buildActionMask = 2147483647;
			files = (
			);
			inputPaths = (
			);
			name = "[CP] Copy Pods Resources";
			outputPaths = (
			);
			runOnlyForDeploymentPostprocessing = 0;
			shellPath = /bin/sh;
			shellScript = "\"${SRCROOT}/Pods/Target Support Files/Pods-CT_RESTAPI_Demo/Pods-CT_RESTAPI_Demo-resources.sh\"\n";
			showEnvVarsInLog = 0;
		};
/* End PBXShellScriptBuildPhase section */

/* Begin PBXSourcesBuildPhase section */
		2563BF701E67D78600CDF20C /* Sources */ = {
			isa = PBXSourcesBuildPhase;
			buildActionMask = 2147483647;
			files = (
				2563BF7A1E67D78600CDF20C /* ViewController.swift in Sources */,
				2563BF781E67D78600CDF20C /* AppDelegate.swift in Sources */,
			);
			runOnlyForDeploymentPostprocessing = 0;
		};
/* End PBXSourcesBuildPhase section */

/* Begin PBXVariantGroup section */
		2563BF7B1E67D78600CDF20C /* Main.storyboard */ = {
			isa = PBXVariantGroup;
			children = (
				2563BF7C1E67D78600CDF20C /* Base */,
			);
			name = Main.storyboard;
			sourceTree = "<group>";
		};
		2563BF801E67D78600CDF20C /* LaunchScreen.storyboard */ = {
			isa = PBXVariantGroup;
			children = (
				2563BF811E67D78600CDF20C /* Base */,
			);
			name = LaunchScreen.storyboard;
			sourceTree = "<group>";
		};
/* End PBXVariantGroup section */

/* Begin XCBuildConfiguration section */
		2563BF841E67D78600CDF20C /* Debug */ = {
			isa = XCBuildConfiguration;
			buildSettings = {
				ALWAYS_SEARCH_USER_PATHS = NO;
				CLANG_ANALYZER_NONNULL = YES;
				CLANG_CXX_LANGUAGE_STANDARD = "gnu++0x";
				CLANG_CXX_LIBRARY = "libc++";
				CLANG_ENABLE_MODULES = YES;
				CLANG_ENABLE_OBJC_ARC = YES;
				CLANG_WARN_BOOL_CONVERSION = YES;
				CLANG_WARN_CONSTANT_CONVERSION = YES;
				CLANG_WARN_DIRECT_OBJC_ISA_USAGE = YES_ERROR;
				CLANG_WARN_DOCUMENTATION_COMMENTS = YES;
				CLANG_WARN_EMPTY_BODY = YES;
				CLANG_WARN_ENUM_CONVERSION = YES;
				CLANG_WARN_INFINITE_RECURSION = YES;
				CLANG_WARN_INT_CONVERSION = YES;
				CLANG_WARN_OBJC_ROOT_CLASS = YES_ERROR;
				CLANG_WARN_SUSPICIOUS_MOVE = YES;
				CLANG_WARN_UNREACHABLE_CODE = YES;
				CLANG_WARN__DUPLICATE_METHOD_MATCH = YES;
				"CODE_SIGN_IDENTITY[sdk=iphoneos*]" = "iPhone Developer";
				COPY_PHASE_STRIP = NO;
				DEBUG_INFORMATION_FORMAT = dwarf;
				ENABLE_STRICT_OBJC_MSGSEND = YES;
				ENABLE_TESTABILITY = YES;
				GCC_C_LANGUAGE_STANDARD = gnu99;
				GCC_DYNAMIC_NO_PIC = NO;
				GCC_NO_COMMON_BLOCKS = YES;
				GCC_OPTIMIZATION_LEVEL = 0;
				GCC_PREPROCESSOR_DEFINITIONS = (
					"DEBUG=1",
					"$(inherited)",
				);
				GCC_WARN_64_TO_32_BIT_CONVERSION = YES;
				GCC_WARN_ABOUT_RETURN_TYPE = YES_ERROR;
				GCC_WARN_UNDECLARED_SELECTOR = YES;
				GCC_WARN_UNINITIALIZED_AUTOS = YES_AGGRESSIVE;
				GCC_WARN_UNUSED_FUNCTION = YES;
				GCC_WARN_UNUSED_VARIABLE = YES;
				IPHONEOS_DEPLOYMENT_TARGET = 10.2;
				MTL_ENABLE_DEBUG_INFO = YES;
				ONLY_ACTIVE_ARCH = YES;
				SDKROOT = iphoneos;
				SWIFT_ACTIVE_COMPILATION_CONDITIONS = DEBUG;
				SWIFT_OPTIMIZATION_LEVEL = "-Onone";
			};
			name = Debug;
		};
		2563BF851E67D78600CDF20C /* Release */ = {
			isa = XCBuildConfiguration;
			buildSettings = {
				ALWAYS_SEARCH_USER_PATHS = NO;
				CLANG_ANALYZER_NONNULL = YES;
				CLANG_CXX_LANGUAGE_STANDARD = "gnu++0x";
				CLANG_CXX_LIBRARY = "libc++";
				CLANG_ENABLE_MODULES = YES;
				CLANG_ENABLE_OBJC_ARC = YES;
				CLANG_WARN_BOOL_CONVERSION = YES;
				CLANG_WARN_CONSTANT_CONVERSION = YES;
				CLANG_WARN_DIRECT_OBJC_ISA_USAGE = YES_ERROR;
				CLANG_WARN_DOCUMENTATION_COMMENTS = YES;
				CLANG_WARN_EMPTY_BODY = YES;
				CLANG_WARN_ENUM_CONVERSION = YES;
				CLANG_WARN_INFINITE_RECURSION = YES;
				CLANG_WARN_INT_CONVERSION = YES;
				CLANG_WARN_OBJC_ROOT_CLASS = YES_ERROR;
				CLANG_WARN_SUSPICIOUS_MOVE = YES;
				CLANG_WARN_UNREACHABLE_CODE = YES;
				CLANG_WARN__DUPLICATE_METHOD_MATCH = YES;
				"CODE_SIGN_IDENTITY[sdk=iphoneos*]" = "iPhone Developer";
				COPY_PHASE_STRIP = NO;
				DEBUG_INFORMATION_FORMAT = "dwarf-with-dsym";
				ENABLE_NS_ASSERTIONS = NO;
				ENABLE_STRICT_OBJC_MSGSEND = YES;
				GCC_C_LANGUAGE_STANDARD = gnu99;
				GCC_NO_COMMON_BLOCKS = YES;
				GCC_WARN_64_TO_32_BIT_CONVERSION = YES;
				GCC_WARN_ABOUT_RETURN_TYPE = YES_ERROR;
				GCC_WARN_UNDECLARED_SELECTOR = YES;
				GCC_WARN_UNINITIALIZED_AUTOS = YES_AGGRESSIVE;
				GCC_WARN_UNUSED_FUNCTION = YES;
				GCC_WARN_UNUSED_VARIABLE = YES;
				IPHONEOS_DEPLOYMENT_TARGET = 10.2;
				MTL_ENABLE_DEBUG_INFO = NO;
				SDKROOT = iphoneos;
				SWIFT_OPTIMIZATION_LEVEL = "-Owholemodule";
				VALIDATE_PRODUCT = YES;
			};
			name = Release;
		};
		2563BF871E67D78600CDF20C /* Debug */ = {
			isa = XCBuildConfiguration;
			baseConfigurationReference = 87B80826BE2CD7A4269A3457 /* Pods-CT_RESTAPI_Demo.debug.xcconfig */;
			buildSettings = {
				ASSETCATALOG_COMPILER_APPICON_NAME = AppIcon;
				DEVELOPMENT_TEAM = 6U26G342BG;
				INFOPLIST_FILE = CT_RESTAPI/Info.plist;
				LD_RUNPATH_SEARCH_PATHS = "$(inherited) @executable_path/Frameworks";
				PRODUCT_BUNDLE_IDENTIFIER = "com.canh.tran.CT-RESTAPI";
				PRODUCT_NAME = "$(TARGET_NAME)";
				SWIFT_VERSION = 4.0;
			};
			name = Debug;
		};
		2563BF881E67D78600CDF20C /* Release */ = {
			isa = XCBuildConfiguration;
			baseConfigurationReference = 96F55EDCB17AC519CCC904C4 /* Pods-CT_RESTAPI_Demo.release.xcconfig */;
			buildSettings = {
				ASSETCATALOG_COMPILER_APPICON_NAME = AppIcon;
				DEVELOPMENT_TEAM = 6U26G342BG;
				INFOPLIST_FILE = CT_RESTAPI/Info.plist;
				LD_RUNPATH_SEARCH_PATHS = "$(inherited) @executable_path/Frameworks";
				PRODUCT_BUNDLE_IDENTIFIER = "com.canh.tran.CT-RESTAPI";
				PRODUCT_NAME = "$(TARGET_NAME)";
				SWIFT_VERSION = 4.0;
			};
			name = Release;
		};
/* End XCBuildConfiguration section */

/* Begin XCConfigurationList section */
		2563BF6F1E67D78500CDF20C /* Build configuration list for PBXProject "CT_RESTAPI" */ = {
			isa = XCConfigurationList;
			buildConfigurations = (
				2563BF841E67D78600CDF20C /* Debug */,
				2563BF851E67D78600CDF20C /* Release */,
			);
			defaultConfigurationIsVisible = 0;
			defaultConfigurationName = Release;
		};
		2563BF861E67D78600CDF20C /* Build configuration list for PBXNativeTarget "CT_RESTAPI_Demo" */ = {
			isa = XCConfigurationList;
			buildConfigurations = (
				2563BF871E67D78600CDF20C /* Debug */,
				2563BF881E67D78600CDF20C /* Release */,
			);
			defaultConfigurationIsVisible = 0;
			defaultConfigurationName = Release;
		};
/* End XCConfigurationList section */
	};
	rootObject = 2563BF6C1E67D78500CDF20C /* Project object */;
}
